
Microsoft Visual Studio Solution File, Format Version 12.00
# Visual Studio 15
VisualStudioVersion = 15.0.28307.757
MinimumVisualStudioVersion = 10.0.40219.1
Project("{FAE04EC0-301F-11D3-BF4B-00C04F79EFBC}") = "WebApplicationHardcodedEncrypt", "WebApplicationHardcodedEncrypt\WebApplicationHardcodedEncrypt.csproj", "{6892CCC3-19D5-41A6-8578-4A7D5FE986C6}"
EndProject
Global
	GlobalSection(SolutionConfigurationPlatforms) = preSolution
		Debug|Any CPU = Debug|Any CPU
		Release|Any CPU = Release|Any CPU
	EndGlobalSection
	GlobalSection(ProjectConfigurationPlatforms) = postSolution
		{6892CCC3-19D5-41A6-8578-4A7D5FE986C6}.Debug|Any CPU.ActiveCfg = Debug|Any CPU
		{6892CCC3-19D5-41A6-8578-4A7D5FE986C6}.Debug|Any CPU.Build.0 = Debug|Any CPU
		{6892CCC3-19D5-41A6-8578-4A7D5FE986C6}.Release|Any CPU.ActiveCfg = Release|Any CPU
		{6892CCC3-19D5-41A6-8578-4A7D5FE986C6}.Release|Any CPU.Build.0 = Release|Any CPU
	EndGlobalSection
	GlobalSection(SolutionProperties) = preSolution
		HideSolutionNode = FALSE
	EndGlobalSection
	GlobalSection(ExtensibilityGlobals) = postSolution
		SolutionGuid = {BB6E9D59-D290-41DE-80B7-730A83FD7E2A}
	EndGlobalSection
EndGlobal
